// !$*UTF8*$!
{
	archiveVersion = 1;
	classes = {
	};
	objectVersion = 77;
	objects = {

/* Begin PBXContainerItemProxy section */
		007C9FE72E1581DC00EA09C7 /* PBXContainerItemProxy */ = {
			isa = PBXContainerItemProxy;
			containerPortal = 007C9FD12E1581DA00EA09C7 /* Project object */;
			proxyType = 1;
			remoteGlobalIDString = 007C9FD82E1581DA00EA09C7;
			remoteInfo = set_game;
		};
		007C9FF12E1581DC00EA09C7 /* PBXContainerItemProxy */ = {
			isa = PBXContainerItemProxy;
			containerPortal = 007C9FD12E1581DA00EA09C7 /* Project object */;
			proxyType = 1;
			remoteGlobalIDString = 007C9FD82E1581DA00EA09C7;
			remoteInfo = set_game;
		};
/* End PBXContainerItemProxy section */

/* Begin PBXFileReference section */
		007C9FD92E1581DA00EA09C7 /* set_game.app */ = {isa = PBXFileReference; explicitFileType = wrapper.application; includeInIndex = 0; path = set_game.app; sourceTree = BUILT_PRODUCTS_DIR; };
		007C9FE62E1581DC00EA09C7 /* set_gameTests.xctest */ = {isa = PBXFileReference; explicitFileType = wrapper.cfbundle; includeInIndex = 0; path = set_gameTests.xctest; sourceTree = BUILT_PRODUCTS_DIR; };
		007C9FF02E1581DC00EA09C7 /* set_gameUITests.xctest */ = {isa = PBXFileReference; explicitFileType = wrapper.cfbundle; includeInIndex = 0; path = set_gameUITests.xctest; sourceTree = BUILT_PRODUCTS_DIR; };
/* End PBXFileReference section */

/* Begin PBXFileSystemSynchronizedRootGroup section */
		007C9FDB2E1581DA00EA09C7 /* set_game */ = {
			isa = PBXFileSystemSynchronizedRootGroup;
			path = set_game;
			sourceTree = "<group>";
		};
		007C9FE92E1581DC00EA09C7 /* set_gameTests */ = {
			isa = PBXFileSystemSynchronizedRootGroup;
			path = set_gameTests;
			sourceTree = "<group>";
		};
		007C9FF32E1581DC00EA09C7 /* set_gameUITests */ = {
			isa = PBXFileSystemSynchronizedRootGroup;
			path = set_gameUITests;
			sourceTree = "<group>";
		};
/* End PBXFileSystemSynchronizedRootGroup section */

/* Begin PBXFrameworksBuildPhase section */
		007C9FD62E1581DA00EA09C7 /* Frameworks */ = {
			isa = PBXFrameworksBuildPhase;
			buildActionMask = 2147483647;
			files = (
			);
			runOnlyForDeploymentPostprocessing = 0;
		};
		007C9FE32E1581DC00EA09C7 /* Frameworks */ = {
			isa = PBXFrameworksBuildPhase;
			buildActionMask = 2147483647;
			files = (
			);
			runOnlyForDeploymentPostprocessing = 0;
		};
		007C9FED2E1581DC00EA09C7 /* Frameworks */ = {
			isa = PBXFrameworksBuildPhase;
			buildActionMask = 2147483647;
			files = (
			);
			runOnlyForDeploymentPostprocessing = 0;
		};
/* End PBXFrameworksBuildPhase section */

/* Begin PBXGroup section */
		007C9FD02E1581DA00EA09C7 = {
			isa = PBXGroup;
			children = (
				007C9FDB2E1581DA00EA09C7 /* set_game */,
				007C9FE92E1581DC00EA09C7 /* set_gameTests */,
				007C9FF32E1581DC00EA09C7 /* set_gameUITests */,
				007C9FDA2E1581DA00EA09C7 /* Products */,
			);
			sourceTree = "<group>";
		};
		007C9FDA2E1581DA00EA09C7 /* Products */ = {
			isa = PBXGroup;
			children = (
				007C9FD92E1581DA00EA09C7 /* set_game.app */,
				007C9FE62E1581DC00EA09C7 /* set_gameTests.xctest */,
				007C9FF02E1581DC00EA09C7 /* set_gameUITests.xctest */,
			);
			name = Products;
			sourceTree = "<group>";
		};
/* End PBXGroup section */

/* Begin PBXNativeTarget section */
		007C9FD82E1581DA00EA09C7 /* set_game */ = {
			isa = PBXNativeTarget;
			buildConfigurationList = 007C9FFA2E1581DC00EA09C7 /* Build configuration list for PBXNativeTarget "set_game" */;
			buildPhases = (
				007C9FD52E1581DA00EA09C7 /* Sources */,
				007C9FD62E1581DA00EA09C7 /* Frameworks */,
				007C9FD72E1581DA00EA09C7 /* Resources */,
			);
			buildRules = (
			);
			dependencies = (
			);
			fileSystemSynchronizedGroups = (
				007C9FDB2E1581DA00EA09C7 /* set_game */,
			);
			name = set_game;
			packageProductDependencies = (
			);
			productName = set_game;
			productReference = 007C9FD92E1581DA00EA09C7 /* set_game.app */;
			productType = "com.apple.product-type.application";
		};
		007C9FE52E1581DC00EA09C7 /* set_gameTests */ = {
			isa = PBXNativeTarget;
			buildConfigurationList = 007C9FFD2E1581DC00EA09C7 /* Build configuration list for PBXNativeTarget "set_gameTests" */;
			buildPhases = (
				007C9FE22E1581DC00EA09C7 /* Sources */,
				007C9FE32E1581DC00EA09C7 /* Frameworks */,
				007C9FE42E1581DC00EA09C7 /* Resources */,
			);
			buildRules = (
			);
			dependencies = (
				007C9FE82E1581DC00EA09C7 /* PBXTargetDependency */,
			);
			fileSystemSynchronizedGroups = (
				007C9FE92E1581DC00EA09C7 /* set_gameTests */,
			);
			name = set_gameTests;
			packageProductDependencies = (
			);
			productName = set_gameTests;
			productReference = 007C9FE62E1581DC00EA09C7 /* set_gameTests.xctest */;
			productType = "com.apple.product-type.bundle.unit-test";
		};
		007C9FEF2E1581DC00EA09C7 /* set_gameUITests */ = {
			isa = PBXNativeTarget;
			buildConfigurationList = 007CA0002E1581DC00EA09C7 /* Build configuration list for PBXNativeTarget "set_gameUITests" */;
			buildPhases = (
				007C9FEC2E1581DC00EA09C7 /* Sources */,
				007C9FED2E1581DC00EA09C7 /* Frameworks */,
				007C9FEE2E1581DC00EA09C7 /* Resources */,
			);
			buildRules = (
			);
			dependencies = (
				007C9FF22E1581DC00EA09C7 /* PBXTargetDependency */,
			);
			fileSystemSynchronizedGroups = (
				007C9FF32E1581DC00EA09C7 /* set_gameUITests */,
			);
			name = set_gameUITests;
			packageProductDependencies = (
			);
			productName = set_gameUITests;
			productReference = 007C9FF02E1581DC00EA09C7 /* set_gameUITests.xctest */;
			productType = "com.apple.product-type.bundle.ui-testing";
		};
/* End PBXNativeTarget section */

/* Begin PBXProject section */
		007C9FD12E1581DA00EA09C7 /* Project object */ = {
			isa = PBXProject;
			attributes = {
				BuildIndependentTargetsInParallel = 1;
				LastSwiftUpdateCheck = 1640;
				LastUpgradeCheck = 1640;
				TargetAttributes = {
					007C9FD82E1581DA00EA09C7 = {
						CreatedOnToolsVersion = 16.4;
					};
					007C9FE52E1581DC00EA09C7 = {
						CreatedOnToolsVersion = 16.4;
						TestTargetID = 007C9FD82E1581DA00EA09C7;
					};
					007C9FEF2E1581DC00EA09C7 = {
						CreatedOnToolsVersion = 16.4;
						TestTargetID = 007C9FD82E1581DA00EA09C7;
					};
				};
			};
			buildConfigurationList = 007C9FD42E1581DA00EA09C7 /* Build configuration list for PBXProject "set_game" */;
			developmentRegion = en;
			hasScannedForEncodings = 0;
			knownRegions = (
				en,
				Base,
			);
			mainGroup = 007C9FD02E1581DA00EA09C7;
			minimizedProjectReferenceProxies = 1;
			preferredProjectObjectVersion = 77;
			productRefGroup = 007C9FDA2E1581DA00EA09C7 /* Products */;
			projectDirPath = "";
			projectRoot = "";
			targets = (
				007C9FD82E1581DA00EA09C7 /* set_game */,
				007C9FE52E1581DC00EA09C7 /* set_gameTests */,
				007C9FEF2E1581DC00EA09C7 /* set_gameUITests */,
			);
		};
/* End PBXProject section */

/* Begin PBXResourcesBuildPhase section */
		007C9FD72E1581DA00EA09C7 /* Resources */ = {
			isa = PBXResourcesBuildPhase;
			buildActionMask = 2147483647;
			files = (
			);
			runOnlyForDeploymentPostprocessing = 0;
		};
		007C9FE42E1581DC00EA09C7 /* Resources */ = {
			isa = PBXResourcesBuildPhase;
			buildActionMask = 2147483647;
			files = (
			);
			runOnlyForDeploymentPostprocessing = 0;
		};
		007C9FEE2E1581DC00EA09C7 /* Resources */ = {
			isa = PBXResourcesBuildPhase;
			buildActionMask = 2147483647;
			files = (
			);
			runOnlyForDeploymentPostprocessing = 0;
		};
/* End PBXResourcesBuildPhase section */

/* Begin PBXSourcesBuildPhase section */
		007C9FD52E1581DA00EA09C7 /* Sources */ = {
			isa = PBXSourcesBuildPhase;
			buildActionMask = 2147483647;
			files = (
			);
			runOnlyForDeploymentPostprocessing = 0;
		};
		007C9FE22E1581DC00EA09C7 /* Sources */ = {
			isa = PBXSourcesBuildPhase;
			buildActionMask = 2147483647;
			files = (
			);
			runOnlyForDeploymentPostprocessing = 0;
		};
		007C9FEC2E1581DC00EA09C7 /* Sources */ = {
			isa = PBXSourcesBuildPhase;
			buildActionMask = 2147483647;
			files = (
			);
			runOnlyForDeploymentPostprocessing = 0;
		};
/* End PBXSourcesBuildPhase section */

/* Begin PBXTargetDependency section */
		007C9FE82E1581DC00EA09C7 /* PBXTargetDependency */ = {
			isa = PBXTargetDependency;
			target = 007C9FD82E1581DA00EA09C7 /* set_game */;
			targetProxy = 007C9FE72E1581DC00EA09C7 /* PBXContainerItemProxy */;
		};
		007C9FF22E1581DC00EA09C7 /* PBXTargetDependency */ = {
			isa = PBXTargetDependency;
			target = 007C9FD82E1581DA00EA09C7 /* set_game */;
			targetProxy = 007C9FF12E1581DC00EA09C7 /* PBXContainerItemProxy */;
		};
/* End PBXTargetDependency section */

/* Begin XCBuildConfiguration section */
		007C9FF82E1581DC00EA09C7 /* Debug */ = {
			isa = XCBuildConfiguration;
			buildSettings = {
				ALWAYS_SEARCH_USER_PATHS = NO;
				ASSETCATALOG_COMPILER_GENERATE_SWIFT_ASSET_SYMBOL_EXTENSIONS = YES;
				CLANG_ANALYZER_NONNULL = YES;
				CLANG_ANALYZER_NUMBER_OBJECT_CONVERSION = YES_AGGRESSIVE;
				CLANG_CXX_LANGUAGE_STANDARD = "gnu++20";
				CLANG_ENABLE_MODULES = YES;
				CLANG_ENABLE_OBJC_ARC = YES;
				CLANG_ENABLE_OBJC_WEAK = YES;
				CLANG_WARN_BLOCK_CAPTURE_AUTORELEASING = YES;
				CLANG_WARN_BOOL_CONVERSION = YES;
				CLANG_WARN_COMMA = YES;
				CLANG_WARN_CONSTANT_CONVERSION = YES;
				CLANG_WARN_DEPRECATED_OBJC_IMPLEMENTATIONS = YES;
				CLANG_WARN_DIRECT_OBJC_ISA_USAGE = YES_ERROR;
				CLANG_WARN_DOCUMENTATION_COMMENTS = YES;
				CLANG_WARN_EMPTY_BODY = YES;
				CLANG_WARN_ENUM_CONVERSION = YES;
				CLANG_WARN_INFINITE_RECURSION = YES;
				CLANG_WARN_INT_CONVERSION = YES;
				CLANG_WARN_NON_LITERAL_NULL_CONVERSION = YES;
				CLANG_WARN_OBJC_IMPLICIT_RETAIN_SELF = YES;
				CLANG_WARN_OBJC_LITERAL_CONVERSION = YES;
				CLANG_WARN_OBJC_ROOT_CLASS = YES_ERROR;
				CLANG_WARN_QUOTED_INCLUDE_IN_FRAMEWORK_HEADER = YES;
				CLANG_WARN_RANGE_LOOP_ANALYSIS = YES;
				CLANG_WARN_STRICT_PROTOTYPES = YES;
				CLANG_WARN_SUSPICIOUS_MOVE = YES;
				CLANG_WARN_UNGUARDED_AVAILABILITY = YES_AGGRESSIVE;
				CLANG_WARN_UNREACHABLE_CODE = YES;
				CLANG_WARN__DUPLICATE_METHOD_MATCH = YES;
				COPY_PHASE_STRIP = NO;
				DEBUG_INFORMATION_FORMAT = dwarf;
				ENABLE_STRICT_OBJC_MSGSEND = YES;
				ENABLE_TESTABILITY = YES;
				ENABLE_USER_SCRIPT_SANDBOXING = YES;
				GCC_C_LANGUAGE_STANDARD = gnu17;
				GCC_DYNAMIC_NO_PIC = NO;
				GCC_NO_COMMON_BLOCKS = YES;
				GCC_OPTIMIZATION_LEVEL = 0;
				GCC_PREPROCESSOR_DEFINITIONS = (
					"DEBUG=1",
					"$(inherited)",
				);
				GCC_WARN_64_TO_32_BIT_CONVERSION = YES;
				GCC_WARN_ABOUT_RETURN_TYPE = YES_ERROR;
				GCC_WARN_UNDECLARED_SELECTOR = YES;
				GCC_WARN_UNINITIALIZED_AUTOS = YES_AGGRESSIVE;
				GCC_WARN_UNUSED_FUNCTION = YES;
				GCC_WARN_UNUSED_VARIABLE = YES;
				IPHONEOS_DEPLOYMENT_TARGET = 18.5;
				LOCALIZATION_PREFERS_STRING_CATALOGS = YES;
				MTL_ENABLE_DEBUG_INFO = INCLUDE_SOURCE;
				MTL_FAST_MATH = YES;
				ONLY_ACTIVE_ARCH = YES;
				SDKROOT = iphoneos;
				SWIFT_ACTIVE_COMPILATION_CONDITIONS = "DEBUG $(inherited)";
				SWIFT_OPTIMIZATION_LEVEL = "-Onone";
			};
			name = Debug;
		};
		007C9FF92E1581DC00EA09C7 /* Release */ = {
			isa = XCBuildConfiguration;
			buildSettings = {
				ALWAYS_SEARCH_USER_PATHS = NO;
				ASSETCATALOG_COMPILER_GENERATE_SWIFT_ASSET_SYMBOL_EXTENSIONS = YES;
				CLANG_ANALYZER_NONNULL = YES;
				CLANG_ANALYZER_NUMBER_OBJECT_CONVERSION = YES_AGGRESSIVE;
				CLANG_CXX_LANGUAGE_STANDARD = "gnu++20";
				CLANG_ENABLE_MODULES = YES;
				CLANG_ENABLE_OBJC_ARC = YES;
				CLANG_ENABLE_OBJC_WEAK = YES;
				CLANG_WARN_BLOCK_CAPTURE_AUTORELEASING = YES;
				CLANG_WARN_BOOL_CONVERSION = YES;
				CLANG_WARN_COMMA = YES;
				CLANG_WARN_CONSTANT_CONVERSION = YES;
				CLANG_WARN_DEPRECATED_OBJC_IMPLEMENTATIONS = YES;
				CLANG_WARN_DIRECT_OBJC_ISA_USAGE = YES_ERROR;
				CLANG_WARN_DOCUMENTATION_COMMENTS = YES;
				CLANG_WARN_EMPTY_BODY = YES;
				CLANG_WARN_ENUM_CONVERSION = YES;
				CLANG_WARN_INFINITE_RECURSION = YES;
				CLANG_WARN_INT_CONVERSION = YES;
				CLANG_WARN_NON_LITERAL_NULL_CONVERSION = YES;
				CLANG_WARN_OBJC_IMPLICIT_RETAIN_SELF = YES;
				CLANG_WARN_OBJC_LITERAL_CONVERSION = YES;
				CLANG_WARN_OBJC_ROOT_CLASS = YES_ERROR;
				CLANG_WARN_QUOTED_INCLUDE_IN_FRAMEWORK_HEADER = YES;
				CLANG_WARN_RANGE_LOOP_ANALYSIS = YES;
				CLANG_WARN_STRICT_PROTOTYPES = YES;
				CLANG_WARN_SUSPICIOUS_MOVE = YES;
				CLANG_WARN_UNGUARDED_AVAILABILITY = YES_AGGRESSIVE;
				CLANG_WARN_UNREACHABLE_CODE = YES;
				CLANG_WARN__DUPLICATE_METHOD_MATCH = YES;
				COPY_PHASE_STRIP = NO;
				DEBUG_INFORMATION_FORMAT = "dwarf-with-dsym";
				ENABLE_NS_ASSERTIONS = NO;
				ENABLE_STRICT_OBJC_MSGSEND = YES;
				ENABLE_USER_SCRIPT_SANDBOXING = YES;
				GCC_C_LANGUAGE_STANDARD = gnu17;
				GCC_NO_COMMON_BLOCKS = YES;
				GCC_WARN_64_TO_32_BIT_CONVERSION = YES;
				GCC_WARN_ABOUT_RETURN_TYPE = YES_ERROR;
				GCC_WARN_UNDECLARED_SELECTOR = YES;
				GCC_WARN_UNINITIALIZED_AUTOS = YES_AGGRESSIVE;
				GCC_WARN_UNUSED_FUNCTION = YES;
				GCC_WARN_UNUSED_VARIABLE = YES;
				IPHONEOS_DEPLOYMENT_TARGET = 18.5;
				LOCALIZATION_PREFERS_STRING_CATALOGS = YES;
				MTL_ENABLE_DEBUG_INFO = NO;
				MTL_FAST_MATH = YES;
				SDKROOT = iphoneos;
				SWIFT_COMPILATION_MODE = wholemodule;
				VALIDATE_PRODUCT = YES;
			};
			name = Release;
		};
		007C9FFB2E1581DC00EA09C7 /* Debug */ = {
			isa = XCBuildConfiguration;
			buildSettings = {
				ASSETCATALOG_COMPILER_APPICON_NAME = AppIcon;
				ASSETCATALOG_COMPILER_GLOBAL_ACCENT_COLOR_NAME = AccentColor;
				CODE_SIGN_STYLE = Automatic;
				CURRENT_PROJECT_VERSION = 1;
				DEVELOPMENT_TEAM = 8Y7392YD4C;
				ENABLE_PREVIEWS = YES;
				GENERATE_INFOPLIST_FILE = YES;
				INFOPLIST_KEY_UIApplicationSceneManifest_Generation = YES;
				INFOPLIST_KEY_UIApplicationSupportsIndirectInputEvents = YES;
				INFOPLIST_KEY_UILaunchScreen_Generation = YES;
				INFOPLIST_KEY_UISupportedInterfaceOrientations_iPad = "UIInterfaceOrientationPortrait UIInterfaceOrientationPortraitUpsideDown UIInterfaceOrientationLandscapeLeft UIInterfaceOrientationLandscapeRight";
				INFOPLIST_KEY_UISupportedInterfaceOrientations_iPhone = "UIInterfaceOrientationPortrait UIInterfaceOrientationLandscapeLeft UIInterfaceOrientationLandscapeRight";
				LD_RUNPATH_SEARCH_PATHS = (
					"$(inherited)",
					"@executable_path/Frameworks",
				);
				MARKETING_VERSION = 1.0;
				PRODUCT_BUNDLE_IDENTIFIER = "nil.set-game";
				PRODUCT_NAME = "$(TARGET_NAME)";
				SWIFT_EMIT_LOC_STRINGS = YES;
				SWIFT_VERSION = 5.0;
				TARGETED_DEVICE_FAMILY = "1,2";
			};
			name = Debug;
		};
		007C9FFC2E1581DC00EA09C7 /* Release */ = {
			isa = XCBuildConfiguration;
			buildSettings = {
				ASSETCATALOG_COMPILER_APPICON_NAME = AppIcon;
				ASSETCATALOG_COMPILER_GLOBAL_ACCENT_COLOR_NAME = AccentColor;
				CODE_SIGN_STYLE = Automatic;
				CURRENT_PROJECT_VERSION = 1;
				DEVELOPMENT_TEAM = 8Y7392YD4C;
				ENABLE_PREVIEWS = YES;
				GENERATE_INFOPLIST_FILE = YES;
				INFOPLIST_KEY_UIApplicationSceneManifest_Generation = YES;
				INFOPLIST_KEY_UIApplicationSupportsIndirectInputEvents = YES;
				INFOPLIST_KEY_UILaunchScreen_Generation = YES;
				INFOPLIST_KEY_UISupportedInterfaceOrientations_iPad = "UIInterfaceOrientationPortrait UIInterfaceOrientationPortraitUpsideDown UIInterfaceOrientationLandscapeLeft UIInterfaceOrientationLandscapeRight";
				INFOPLIST_KEY_UISupportedInterfaceOrientations_iPhone = "UIInterfaceOrientationPortrait UIInterfaceOrientationLandscapeLeft UIInterfaceOrientationLandscapeRight";
				LD_RUNPATH_SEARCH_PATHS = (
					"$(inherited)",
					"@executable_path/Frameworks",
				);
				MARKETING_VERSION = 1.0;
				PRODUCT_BUNDLE_IDENTIFIER = "nil.set-game";
				PRODUCT_NAME = "$(TARGET_NAME)";
				SWIFT_EMIT_LOC_STRINGS = YES;
				SWIFT_VERSION = 5.0;
				TARGETED_DEVICE_FAMILY = "1,2";
			};
			name = Release;
		};
		007C9FFE2E1581DC00EA09C7 /* Debug */ = {
			isa = XCBuildConfiguration;
			buildSettings = {
				BUNDLE_LOADER = "$(TEST_HOST)";
				CODE_SIGN_STYLE = Automatic;
				CURRENT_PROJECT_VERSION = 1;
				GENERATE_INFOPLIST_FILE = YES;
				IPHONEOS_DEPLOYMENT_TARGET = 18.5;
				MARKETING_VERSION = 1.0;
				PRODUCT_BUNDLE_IDENTIFIER = "nil.set-gameTests";
				PRODUCT_NAME = "$(TARGET_NAME)";
				SWIFT_EMIT_LOC_STRINGS = NO;
				SWIFT_VERSION = 5.0;
				TARGETED_DEVICE_FAMILY = "1,2";
				TEST_HOST = "$(BUILT_PRODUCTS_DIR)/set_game.app/$(BUNDLE_EXECUTABLE_FOLDER_PATH)/set_game";
			};
			name = Debug;
		};
		007C9FFF2E1581DC00EA09C7 /* Release */ = {
			isa = XCBuildConfiguration;
			buildSettings = {
				BUNDLE_LOADER = "$(TEST_HOST)";
				CODE_SIGN_STYLE = Automatic;
				CURRENT_PROJECT_VERSION = 1;
				GENERATE_INFOPLIST_FILE = YES;
				IPHONEOS_DEPLOYMENT_TARGET = 18.5;
				MARKETING_VERSION = 1.0;
				PRODUCT_BUNDLE_IDENTIFIER = "nil.set-gameTests";
				PRODUCT_NAME = "$(TARGET_NAME)";
				SWIFT_EMIT_LOC_STRINGS = NO;
				SWIFT_VERSION = 5.0;
				TARGETED_DEVICE_FAMILY = "1,2";
				TEST_HOST = "$(BUILT_PRODUCTS_DIR)/set_game.app/$(BUNDLE_EXECUTABLE_FOLDER_PATH)/set_game";
			};
			name = Release;
		};
		007CA0012E1581DC00EA09C7 /* Debug */ = {
			isa = XCBuildConfiguration;
			buildSettings = {
				CODE_SIGN_STYLE = Automatic;
				CURRENT_PROJECT_VERSION = 1;
				GENERATE_INFOPLIST_FILE = YES;
				MARKETING_VERSION = 1.0;
				PRODUCT_BUNDLE_IDENTIFIER = "nil.set-gameUITests";
				PRODUCT_NAME = "$(TARGET_NAME)";
				SWIFT_EMIT_LOC_STRINGS = NO;
				SWIFT_VERSION = 5.0;
				TARGETED_DEVICE_FAMILY = "1,2";
				TEST_TARGET_NAME = set_game;
			};
			name = Debug;
		};
		007CA0022E1581DC00EA09C7 /* Release */ = {
			isa = XCBuildConfiguration;
			buildSettings = {
				CODE_SIGN_STYLE = Automatic;
				CURRENT_PROJECT_VERSION = 1;
				GENERATE_INFOPLIST_FILE = YES;
				MARKETING_VERSION = 1.0;
				PRODUCT_BUNDLE_IDENTIFIER = "nil.set-gameUITests";
				PRODUCT_NAME = "$(TARGET_NAME)";
				SWIFT_EMIT_LOC_STRINGS = NO;
				SWIFT_VERSION = 5.0;
				TARGETED_DEVICE_FAMILY = "1,2";
				TEST_TARGET_NAME = set_game;
			};
			name = Release;
		};
/* End XCBuildConfiguration section */

/* Begin XCConfigurationList section */
		007C9FD42E1581DA00EA09C7 /* Build configuration list for PBXProject "set_game" */ = {
			isa = XCConfigurationList;
			buildConfigurations = (
				007C9FF82E1581DC00EA09C7 /* Debug */,
				007C9FF92E1581DC00EA09C7 /* Release */,
			);
			defaultConfigurationIsVisible = 0;
			defaultConfigurationName = Release;
		};
		007C9FFA2E1581DC00EA09C7 /* Build configuration list for PBXNativeTarget "set_game" */ = {
			isa = XCConfigurationList;
			buildConfigurations = (
				007C9FFB2E1581DC00EA09C7 /* Debug */,
				007C9FFC2E1581DC00EA09C7 /* Release */,
			);
			defaultConfigurationIsVisible = 0;
			defaultConfigurationName = Release;
		};
		007C9FFD2E1581DC00EA09C7 /* Build configuration list for PBXNativeTarget "set_gameTests" */ = {
			isa = XCConfigurationList;
			buildConfigurations = (
				007C9FFE2E1581DC00EA09C7 /* Debug */,
				007C9FFF2E1581DC00EA09C7 /* Release */,
			);
			defaultConfigurationIsVisible = 0;
			defaultConfigurationName = Release;
		};
		007CA0002E1581DC00EA09C7 /* Build configuration list for PBXNativeTarget "set_gameUITests" */ = {
			isa = XCConfigurationList;
			buildConfigurations = (
				007CA0012E1581DC00EA09C7 /* Debug */,
				007CA0022E1581DC00EA09C7 /* Release */,
			);
			defaultConfigurationIsVisible = 0;
			defaultConfigurationName = Release;
		};
/* End XCConfigurationList section */
	};
	rootObject = 007C9FD12E1581DA00EA09C7 /* Project object */;
}
